// !$*UTF8*$!
{
	archiveVersion = 1;
	classes = {
	};
	objectVersion = 56;
	objects = {

/* Begin PBXBuildFile section */
		5525F632299960D100691F6D /* Assets in Resources */ = {isa = PBXBuildFile; fileRef = 5525F631299960D100691F6D /* Assets */; };
		5525F63529996A5900691F6D /* GameObject.swift in Sources */ = {isa = PBXBuildFile; fileRef = 5525F63429996A5900691F6D /* GameObject.swift */; };
		5525F637299970E300691F6D /* GameProtocol.swift in Sources */ = {isa = PBXBuildFile; fileRef = 5525F636299970E300691F6D /* GameProtocol.swift */; };
		55D1ACE12994A50A0008C53C /* AppDelegate.swift in Sources */ = {isa = PBXBuildFile; fileRef = 55D1ACE02994A50A0008C53C /* AppDelegate.swift */; };
		55D1ACE32994A50B0008C53C /* GameScene.sks in Resources */ = {isa = PBXBuildFile; fileRef = 55D1ACE22994A50B0008C53C /* GameScene.sks */; };
		55D1ACE72994A50B0008C53C /* GameScene.swift in Sources */ = {isa = PBXBuildFile; fileRef = 55D1ACE62994A50B0008C53C /* GameScene.swift */; };
		55D1ACE92994A50B0008C53C /* GameViewController.swift in Sources */ = {isa = PBXBuildFile; fileRef = 55D1ACE82994A50B0008C53C /* GameViewController.swift */; };
		55D1ACEC2994A50B0008C53C /* Main.storyboard in Resources */ = {isa = PBXBuildFile; fileRef = 55D1ACEA2994A50B0008C53C /* Main.storyboard */; };
		55D1ACEE2994A50D0008C53C /* Assets.xcassets in Resources */ = {isa = PBXBuildFile; fileRef = 55D1ACED2994A50D0008C53C /* Assets.xcassets */; };
		55D1ACF12994A50D0008C53C /* LaunchScreen.storyboard in Resources */ = {isa = PBXBuildFile; fileRef = 55D1ACEF2994A50D0008C53C /* LaunchScreen.storyboard */; };
/* End PBXBuildFile section */

/* Begin PBXFileReference section */
		5525F631299960D100691F6D /* Assets */ = {isa = PBXFileReference; lastKnownFileType = folder; path = Assets; sourceTree = "<group>"; };
		5525F63429996A5900691F6D /* GameObject.swift */ = {isa = PBXFileReference; lastKnownFileType = sourcecode.swift; path = GameObject.swift; sourceTree = "<group>"; };
		5525F636299970E300691F6D /* GameProtocol.swift */ = {isa = PBXFileReference; lastKnownFileType = sourcecode.swift; path = GameProtocol.swift; sourceTree = "<group>"; };
		55D1ACDD2994A50A0008C53C /* MAPD724-W2023-ICE-1B-VictorQuezada.app */ = {isa = PBXFileReference; explicitFileType = wrapper.application; includeInIndex = 0; path = "MAPD724-W2023-ICE-1B-VictorQuezada.app"; sourceTree = BUILT_PRODUCTS_DIR; };
		55D1ACE02994A50A0008C53C /* AppDelegate.swift */ = {isa = PBXFileReference; lastKnownFileType = sourcecode.swift; path = AppDelegate.swift; sourceTree = "<group>"; };
		55D1ACE22994A50B0008C53C /* GameScene.sks */ = {isa = PBXFileReference; lastKnownFileType = file.sks; path = GameScene.sks; sourceTree = "<group>"; };
		55D1ACE62994A50B0008C53C /* GameScene.swift */ = {isa = PBXFileReference; lastKnownFileType = sourcecode.swift; path = GameScene.swift; sourceTree = "<group>"; };
		55D1ACE82994A50B0008C53C /* GameViewController.swift */ = {isa = PBXFileReference; lastKnownFileType = sourcecode.swift; path = GameViewController.swift; sourceTree = "<group>"; };
		55D1ACEB2994A50B0008C53C /* Base */ = {isa = PBXFileReference; lastKnownFileType = file.storyboard; name = Base; path = Base.lproj/Main.storyboard; sourceTree = "<group>"; };
		55D1ACED2994A50D0008C53C /* Assets.xcassets */ = {isa = PBXFileReference; lastKnownFileType = folder.assetcatalog; path = Assets.xcassets; sourceTree = "<group>"; };
		55D1ACF02994A50D0008C53C /* Base */ = {isa = PBXFileReference; lastKnownFileType = file.storyboard; name = Base; path = Base.lproj/LaunchScreen.storyboard; sourceTree = "<group>"; };
/* End PBXFileReference section */

/* Begin PBXFrameworksBuildPhase section */
		55D1ACDA2994A50A0008C53C /* Frameworks */ = {
			isa = PBXFrameworksBuildPhase;
			buildActionMask = 2147483647;
			files = (
			);
			runOnlyForDeploymentPostprocessing = 0;
		};
/* End PBXFrameworksBuildPhase section */

/* Begin PBXGroup section */
		5525F63329996A0300691F6D /* Core */ = {
			isa = PBXGroup;
			children = (
				5525F63429996A5900691F6D /* GameObject.swift */,
				5525F636299970E300691F6D /* GameProtocol.swift */,
			);
			path = Core;
			sourceTree = "<group>";
		};
		55D1ACD42994A50A0008C53C = {
			isa = PBXGroup;
			children = (
				55D1ACDF2994A50A0008C53C /* MAPD724-W2023-ICE-1B-VictorQuezada */,
				55D1ACDE2994A50A0008C53C /* Products */,
			);
			sourceTree = "<group>";
		};
		55D1ACDE2994A50A0008C53C /* Products */ = {
			isa = PBXGroup;
			children = (
				55D1ACDD2994A50A0008C53C /* MAPD724-W2023-ICE-1B-VictorQuezada.app */,
			);
			name = Products;
			sourceTree = "<group>";
		};
		55D1ACDF2994A50A0008C53C /* MAPD724-W2023-ICE-1B-VictorQuezada */ = {
			isa = PBXGroup;
			children = (
				5525F63329996A0300691F6D /* Core */,
				5525F631299960D100691F6D /* Assets */,
				55D1ACE02994A50A0008C53C /* AppDelegate.swift */,
				55D1ACE22994A50B0008C53C /* GameScene.sks */,
				55D1ACE62994A50B0008C53C /* GameScene.swift */,
				55D1ACE82994A50B0008C53C /* GameViewController.swift */,
				55D1ACEA2994A50B0008C53C /* Main.storyboard */,
				55D1ACED2994A50D0008C53C /* Assets.xcassets */,
				55D1ACEF2994A50D0008C53C /* LaunchScreen.storyboard */,
			);
			path = "MAPD724-W2023-ICE-1B-VictorQuezada";
			sourceTree = "<group>";
		};
/* End PBXGroup section */

/* Begin PBXNativeTarget section */
		55D1ACDC2994A50A0008C53C /* MAPD724-W2023-ICE-1B-VictorQuezada */ = {
			isa = PBXNativeTarget;
			buildConfigurationList = 55D1ACF42994A50D0008C53C /* Build configuration list for PBXNativeTarget "MAPD724-W2023-ICE-1B-VictorQuezada" */;
			buildPhases = (
				55D1ACD92994A50A0008C53C /* Sources */,
				55D1ACDA2994A50A0008C53C /* Frameworks */,
				55D1ACDB2994A50A0008C53C /* Resources */,
			);
			buildRules = (
			);
			dependencies = (
			);
			name = "MAPD724-W2023-ICE-1B-VictorQuezada";
			productName = "MAPD724-W2023-ICE-1B-VictorQuezada";
			productReference = 55D1ACDD2994A50A0008C53C /* MAPD724-W2023-ICE-1B-VictorQuezada.app */;
			productType = "com.apple.product-type.application";
		};
/* End PBXNativeTarget section */

/* Begin PBXProject section */
		55D1ACD52994A50A0008C53C /* Project object */ = {
			isa = PBXProject;
			attributes = {
				BuildIndependentTargetsInParallel = 1;
				LastSwiftUpdateCheck = 1410;
				LastUpgradeCheck = 1410;
				TargetAttributes = {
					55D1ACDC2994A50A0008C53C = {
						CreatedOnToolsVersion = 14.1;
					};
				};
			};
			buildConfigurationList = 55D1ACD82994A50A0008C53C /* Build configuration list for PBXProject "MAPD724-W2023-ICE-1B-VictorQuezada" */;
			compatibilityVersion = "Xcode 14.0";
			developmentRegion = en;
			hasScannedForEncodings = 0;
			knownRegions = (
				en,
				Base,
			);
			mainGroup = 55D1ACD42994A50A0008C53C;
			productRefGroup = 55D1ACDE2994A50A0008C53C /* Products */;
			projectDirPath = "";
			projectRoot = "";
			targets = (
				55D1ACDC2994A50A0008C53C /* MAPD724-W2023-ICE-1B-VictorQuezada */,
			);
		};
/* End PBXProject section */

/* Begin PBXResourcesBuildPhase section */
		55D1ACDB2994A50A0008C53C /* Resources */ = {
			isa = PBXResourcesBuildPhase;
			buildActionMask = 2147483647;
			files = (
				5525F632299960D100691F6D /* Assets in Resources */,
				55D1ACEC2994A50B0008C53C /* Main.storyboard in Resources */,
				55D1ACE32994A50B0008C53C /* GameScene.sks in Resources */,
				55D1ACEE2994A50D0008C53C /* Assets.xcassets in Resources */,
				55D1ACF12994A50D0008C53C /* LaunchScreen.storyboard in Resources */,
			);
			runOnlyForDeploymentPostprocessing = 0;
		};
/* End PBXResourcesBuildPhase section */

/* Begin PBXSourcesBuildPhase section */
		55D1ACD92994A50A0008C53C /* Sources */ = {
			isa = PBXSourcesBuildPhase;
			buildActionMask = 2147483647;
			files = (
				5525F63529996A5900691F6D /* GameObject.swift in Sources */,
				5525F637299970E300691F6D /* GameProtocol.swift in Sources */,
				55D1ACE72994A50B0008C53C /* GameScene.swift in Sources */,
				55D1ACE92994A50B0008C53C /* GameViewController.swift in Sources */,
				55D1ACE12994A50A0008C53C /* AppDelegate.swift in Sources */,
			);
			runOnlyForDeploymentPostprocessing = 0;
		};
/* End PBXSourcesBuildPhase section */

/* Begin PBXVariantGroup section */
		55D1ACEA2994A50B0008C53C /* Main.storyboard */ = {
			isa = PBXVariantGroup;
			children = (
				55D1ACEB2994A50B0008C53C /* Base */,
			);
			name = Main.storyboard;
			sourceTree = "<group>";
		};
		55D1ACEF2994A50D0008C53C /* LaunchScreen.storyboard */ = {
			isa = PBXVariantGroup;
			children = (
				55D1ACF02994A50D0008C53C /* Base */,
			);
			name = LaunchScreen.storyboard;
			sourceTree = "<group>";
		};
/* End PBXVariantGroup section */

/* Begin XCBuildConfiguration section */
		55D1ACF22994A50D0008C53C /* Debug */ = {
			isa = XCBuildConfiguration;
			buildSettings = {
				ALWAYS_SEARCH_USER_PATHS = NO;
				CLANG_ANALYZER_NONNULL = YES;
				CLANG_ANALYZER_NUMBER_OBJECT_CONVERSION = YES_AGGRESSIVE;
				CLANG_CXX_LANGUAGE_STANDARD = "gnu++20";
				CLANG_ENABLE_MODULES = YES;
				CLANG_ENABLE_OBJC_ARC = YES;
				CLANG_ENABLE_OBJC_WEAK = YES;
				CLANG_WARN_BLOCK_CAPTURE_AUTORELEASING = YES;
				CLANG_WARN_BOOL_CONVERSION = YES;
				CLANG_WARN_COMMA = YES;
				CLANG_WARN_CONSTANT_CONVERSION = YES;
				CLANG_WARN_DEPRECATED_OBJC_IMPLEMENTATIONS = YES;
				CLANG_WARN_DIRECT_OBJC_ISA_USAGE = YES_ERROR;
				CLANG_WARN_DOCUMENTATION_COMMENTS = YES;
				CLANG_WARN_EMPTY_BODY = YES;
				CLANG_WARN_ENUM_CONVERSION = YES;
				CLANG_WARN_INFINITE_RECURSION = YES;
				CLANG_WARN_INT_CONVERSION = YES;
				CLANG_WARN_NON_LITERAL_NULL_CONVERSION = YES;
				CLANG_WARN_OBJC_IMPLICIT_RETAIN_SELF = YES;
				CLANG_WARN_OBJC_LITERAL_CONVERSION = YES;
				CLANG_WARN_OBJC_ROOT_CLASS = YES_ERROR;
				CLANG_WARN_QUOTED_INCLUDE_IN_FRAMEWORK_HEADER = YES;
				CLANG_WARN_RANGE_LOOP_ANALYSIS = YES;
				CLANG_WARN_STRICT_PROTOTYPES = YES;
				CLANG_WARN_SUSPICIOUS_MOVE = YES;
				CLANG_WARN_UNGUARDED_AVAILABILITY = YES_AGGRESSIVE;
				CLANG_WARN_UNREACHABLE_CODE = YES;
				CLANG_WARN__DUPLICATE_METHOD_MATCH = YES;
				COPY_PHASE_STRIP = NO;
				DEBUG_INFORMATION_FORMAT = dwarf;
				ENABLE_STRICT_OBJC_MSGSEND = YES;
				ENABLE_TESTABILITY = YES;
				GCC_C_LANGUAGE_STANDARD = gnu11;
				GCC_DYNAMIC_NO_PIC = NO;
				GCC_NO_COMMON_BLOCKS = YES;
				GCC_OPTIMIZATION_LEVEL = 0;
				GCC_PREPROCESSOR_DEFINITIONS = (
					"DEBUG=1",
					"$(inherited)",
				);
				GCC_WARN_64_TO_32_BIT_CONVERSION = YES;
				GCC_WARN_ABOUT_RETURN_TYPE = YES_ERROR;
				GCC_WARN_UNDECLARED_SELECTOR = YES;
				GCC_WARN_UNINITIALIZED_AUTOS = YES_AGGRESSIVE;
				GCC_WARN_UNUSED_FUNCTION = YES;
				GCC_WARN_UNUSED_VARIABLE = YES;
				IPHONEOS_DEPLOYMENT_TARGET = 16.1;
				MTL_ENABLE_DEBUG_INFO = INCLUDE_SOURCE;
				MTL_FAST_MATH = YES;
				ONLY_ACTIVE_ARCH = YES;
				SDKROOT = iphoneos;
				SWIFT_ACTIVE_COMPILATION_CONDITIONS = DEBUG;
				SWIFT_OPTIMIZATION_LEVEL = "-Onone";
			};
			name = Debug;
		};
		55D1ACF32994A50D0008C53C /* Release */ = {
			isa = XCBuildConfiguration;
			buildSettings = {
				ALWAYS_SEARCH_USER_PATHS = NO;
				CLANG_ANALYZER_NONNULL = YES;
				CLANG_ANALYZER_NUMBER_OBJECT_CONVERSION = YES_AGGRESSIVE;
				CLANG_CXX_LANGUAGE_STANDARD = "gnu++20";
				CLANG_ENABLE_MODULES = YES;
				CLANG_ENABLE_OBJC_ARC = YES;
				CLANG_ENABLE_OBJC_WEAK = YES;
				CLANG_WARN_BLOCK_CAPTURE_AUTORELEASING = YES;
				CLANG_WARN_BOOL_CONVERSION = YES;
				CLANG_WARN_COMMA = YES;
				CLANG_WARN_CONSTANT_CONVERSION = YES;
				CLANG_WARN_DEPRECATED_OBJC_IMPLEMENTATIONS = YES;
				CLANG_WARN_DIRECT_OBJC_ISA_USAGE = YES_ERROR;
				CLANG_WARN_DOCUMENTATION_COMMENTS = YES;
				CLANG_WARN_EMPTY_BODY = YES;
				CLANG_WARN_ENUM_CONVERSION = YES;
				CLANG_WARN_INFINITE_RECURSION = YES;
				CLANG_WARN_INT_CONVERSION = YES;
				CLANG_WARN_NON_LITERAL_NULL_CONVERSION = YES;
				CLANG_WARN_OBJC_IMPLICIT_RETAIN_SELF = YES;
				CLANG_WARN_OBJC_LITERAL_CONVERSION = YES;
				CLANG_WARN_OBJC_ROOT_CLASS = YES_ERROR;
				CLANG_WARN_QUOTED_INCLUDE_IN_FRAMEWORK_HEADER = YES;
				CLANG_WARN_RANGE_LOOP_ANALYSIS = YES;
				CLANG_WARN_STRICT_PROTOTYPES = YES;
				CLANG_WARN_SUSPICIOUS_MOVE = YES;
				CLANG_WARN_UNGUARDED_AVAILABILITY = YES_AGGRESSIVE;
				CLANG_WARN_UNREACHABLE_CODE = YES;
				CLANG_WARN__DUPLICATE_METHOD_MATCH = YES;
				COPY_PHASE_STRIP = NO;
				DEBUG_INFORMATION_FORMAT = "dwarf-with-dsym";
				ENABLE_NS_ASSERTIONS = NO;
				ENABLE_STRICT_OBJC_MSGSEND = YES;
				GCC_C_LANGUAGE_STANDARD = gnu11;
				GCC_NO_COMMON_BLOCKS = YES;
				GCC_WARN_64_TO_32_BIT_CONVERSION = YES;
				GCC_WARN_ABOUT_RETURN_TYPE = YES_ERROR;
				GCC_WARN_UNDECLARED_SELECTOR = YES;
				GCC_WARN_UNINITIALIZED_AUTOS = YES_AGGRESSIVE;
				GCC_WARN_UNUSED_FUNCTION = YES;
				GCC_WARN_UNUSED_VARIABLE = YES;
				IPHONEOS_DEPLOYMENT_TARGET = 16.1;
				MTL_ENABLE_DEBUG_INFO = NO;
				MTL_FAST_MATH = YES;
				SDKROOT = iphoneos;
				SWIFT_COMPILATION_MODE = wholemodule;
				SWIFT_OPTIMIZATION_LEVEL = "-O";
				VALIDATE_PRODUCT = YES;
			};
			name = Release;
		};
		55D1ACF52994A50D0008C53C /* Debug */ = {
			isa = XCBuildConfiguration;
			buildSettings = {
				ASSETCATALOG_COMPILER_APPICON_NAME = AppIcon;
				ASSETCATALOG_COMPILER_GLOBAL_ACCENT_COLOR_NAME = AccentColor;
				CODE_SIGN_STYLE = Automatic;
				CURRENT_PROJECT_VERSION = 1;
				DEVELOPMENT_TEAM = Z8J9NPL68D;
				GENERATE_INFOPLIST_FILE = YES;
				INFOPLIST_KEY_UIApplicationSupportsIndirectInputEvents = YES;
				INFOPLIST_KEY_UILaunchStoryboardName = LaunchScreen;
				INFOPLIST_KEY_UIMainStoryboardFile = Main;
				INFOPLIST_KEY_UIStatusBarHidden = YES;
				INFOPLIST_KEY_UISupportedInterfaceOrientations_iPad = "UIInterfaceOrientationPortrait UIInterfaceOrientationPortraitUpsideDown UIInterfaceOrientationLandscapeLeft UIInterfaceOrientationLandscapeRight";
				INFOPLIST_KEY_UISupportedInterfaceOrientations_iPhone = "UIInterfaceOrientationPortrait UIInterfaceOrientationLandscapeLeft UIInterfaceOrientationLandscapeRight";
				LD_RUNPATH_SEARCH_PATHS = (
					"$(inherited)",
					"@executable_path/Frameworks",
				);
				MARKETING_VERSION = 1.0;
				PRODUCT_BUNDLE_IDENTIFIER = "ca.centennialcollege.MAPD724-W2023-ICE-1B-VictorQuezada";
				PRODUCT_NAME = "$(TARGET_NAME)";
				SWIFT_EMIT_LOC_STRINGS = YES;
				SWIFT_VERSION = 5.0;
				TARGETED_DEVICE_FAMILY = "1,2";
			};
			name = Debug;
		};
		55D1ACF62994A50D0008C53C /* Release */ = {
			isa = XCBuildConfiguration;
			buildSettings = {
				ASSETCATALOG_COMPILER_APPICON_NAME = AppIcon;
				ASSETCATALOG_COMPILER_GLOBAL_ACCENT_COLOR_NAME = AccentColor;
				CODE_SIGN_STYLE = Automatic;
				CURRENT_PROJECT_VERSION = 1;
				DEVELOPMENT_TEAM = Z8J9NPL68D;
				GENERATE_INFOPLIST_FILE = YES;
				INFOPLIST_KEY_UIApplicationSupportsIndirectInputEvents = YES;
				INFOPLIST_KEY_UILaunchStoryboardName = LaunchScreen;
				INFOPLIST_KEY_UIMainStoryboardFile = Main;
				INFOPLIST_KEY_UIStatusBarHidden = YES;
				INFOPLIST_KEY_UISupportedInterfaceOrientations_iPad = "UIInterfaceOrientationPortrait UIInterfaceOrientationPortraitUpsideDown UIInterfaceOrientationLandscapeLeft UIInterfaceOrientationLandscapeRight";
				INFOPLIST_KEY_UISupportedInterfaceOrientations_iPhone = "UIInterfaceOrientationPortrait UIInterfaceOrientationLandscapeLeft UIInterfaceOrientationLandscapeRight";
				LD_RUNPATH_SEARCH_PATHS = (
					"$(inherited)",
					"@executable_path/Frameworks",
				);
				MARKETING_VERSION = 1.0;
				PRODUCT_BUNDLE_IDENTIFIER = "ca.centennialcollege.MAPD724-W2023-ICE-1B-VictorQuezada";
				PRODUCT_NAME = "$(TARGET_NAME)";
				SWIFT_EMIT_LOC_STRINGS = YES;
				SWIFT_VERSION = 5.0;
				TARGETED_DEVICE_FAMILY = "1,2";
			};
			name = Release;
		};
/* End XCBuildConfiguration section */

/* Begin XCConfigurationList section */
		55D1ACD82994A50A0008C53C /* Build configuration list for PBXProject "MAPD724-W2023-ICE-1B-VictorQuezada" */ = {
			isa = XCConfigurationList;
			buildConfigurations = (
				55D1ACF22994A50D0008C53C /* Debug */,
				55D1ACF32994A50D0008C53C /* Release */,
			);
			defaultConfigurationIsVisible = 0;
			defaultConfigurationName = Release;
		};
		55D1ACF42994A50D0008C53C /* Build configuration list for PBXNativeTarget "MAPD724-W2023-ICE-1B-VictorQuezada" */ = {
			isa = XCConfigurationList;
			buildConfigurations = (
				55D1ACF52994A50D0008C53C /* Debug */,
				55D1ACF62994A50D0008C53C /* Release */,
			);
			defaultConfigurationIsVisible = 0;
			defaultConfigurationName = Release;
		};
/* End XCConfigurationList section */
	};
	rootObject = 55D1ACD52994A50A0008C53C /* Project object */;
}
